
Microsoft Visual Studio Solution File, Format Version 12.00
# Visual Studio Version 17
VisualStudioVersion = 17.2.32602.215
MinimumVisualStudioVersion = 10.0.40219.1
Project("{FAE04EC0-301F-11D3-BF4B-00C04F79EFBC}") = "BackendProject_Allup", "BackendProject_Allup\BackendProject_Allup.csproj", "{B3263A81-04F8-4601-B461-2C0BE1BA3D0B}"
EndProject
Global
	GlobalSection(SolutionConfigurationPlatforms) = preSolution
		Debug|Any CPU = Debug|Any CPU
		Release|Any CPU = Release|Any CPU
	EndGlobalSection
	GlobalSection(ProjectConfigurationPlatforms) = postSolution
		{B3263A81-04F8-4601-B461-2C0BE1BA3D0B}.Debug|Any CPU.ActiveCfg = Debug|Any CPU
		{B3263A81-04F8-4601-B461-2C0BE1BA3D0B}.Debug|Any CPU.Build.0 = Debug|Any CPU
		{B3263A81-04F8-4601-B461-2C0BE1BA3D0B}.Release|Any CPU.ActiveCfg = Release|Any CPU
		{B3263A81-04F8-4601-B461-2C0BE1BA3D0B}.Release|Any CPU.Build.0 = Release|Any CPU
	EndGlobalSection
	GlobalSection(SolutionProperties) = preSolution
		HideSolutionNode = FALSE
	EndGlobalSection
	GlobalSection(ExtensibilityGlobals) = postSolution
		SolutionGuid = {1283C67E-96F3-4E4C-8396-1FB7EB72B625}
	EndGlobalSection
EndGlobal
